
Microsoft Visual Studio Solution File, Format Version 12.00
# Visual Studio Version 17
VisualStudioVersion = 17.0.31710.8
MinimumVisualStudioVersion = 10.0.40219.1
Project("{FAE04EC0-301F-11D3-BF4B-00C04F79EFBC}") = "Toolshed.Npoco", "Toolshed.Npoco.csproj", "{36C4DF62-A563-49DC-B9C0-2EFFEFB2D74D}"
EndProject
Global
	GlobalSection(SolutionConfigurationPlatforms) = preSolution
		Debug|Any CPU = Debug|Any CPU
		Release|Any CPU = Release|Any CPU
	EndGlobalSection
	GlobalSection(ProjectConfigurationPlatforms) = postSolution
		{36C4DF62-A563-49DC-B9C0-2EFFEFB2D74D}.Debug|Any CPU.ActiveCfg = Debug|Any CPU
		{36C4DF62-A563-49DC-B9C0-2EFFEFB2D74D}.Debug|Any CPU.Build.0 = Debug|Any CPU
		{36C4DF62-A563-49DC-B9C0-2EFFEFB2D74D}.Release|Any CPU.ActiveCfg = Release|Any CPU
		{36C4DF62-A563-49DC-B9C0-2EFFEFB2D74D}.Release|Any CPU.Build.0 = Release|Any CPU
	EndGlobalSection
	GlobalSection(SolutionProperties) = preSolution
		HideSolutionNode = FALSE
	EndGlobalSection
	GlobalSection(ExtensibilityGlobals) = postSolution
		SolutionGuid = {9245B328-A1EC-4A32-A9C2-EEC803EB1A3E}
	EndGlobalSection
EndGlobal
